
Microsoft Visual Studio Solution File, Format Version 12.00
# Visual Studio Version 17
VisualStudioVersion = 17.3.32929.385
MinimumVisualStudioVersion = 10.0.40219.1
Project("{9A19103F-16F7-4668-BE54-9A1E7A4F7556}") = "Rugby", "Rugby.csproj", "{F043C677-FBB5-4DA1-BAAF-A554F9870301}"
EndProject
Project("{2150E333-8FDC-42A3-9474-1A3956D46DE8}") = "Solution Files", "Solution Files", "{02BC90AD-0C47-4704-8624-E84A585AFF83}"
EndProject
Project("{2150E333-8FDC-42A3-9474-1A3956D46DE8}") = "RugbyData", "RugbyData", "{C5675646-A5EF-46A5-974E-9E0A54813858}"
EndProject
Project("{2150E333-8FDC-42A3-9474-1A3956D46DE8}") = "TeamsRanking", "TeamsRanking", "{F5AC2A4D-4771-446B-9227-AA02B45E82D4}"
	ProjectSection(SolutionItems) = preProject
		Teams.json = Teams.json
	EndProjectSection
EndProject
Global
	GlobalSection(SolutionConfigurationPlatforms) = preSolution
		Debug|Any CPU = Debug|Any CPU
		Release|Any CPU = Release|Any CPU
	EndGlobalSection
	GlobalSection(ProjectConfigurationPlatforms) = postSolution
		{F043C677-FBB5-4DA1-BAAF-A554F9870301}.Debug|Any CPU.ActiveCfg = Debug|Any CPU
		{F043C677-FBB5-4DA1-BAAF-A554F9870301}.Debug|Any CPU.Build.0 = Debug|Any CPU
		{F043C677-FBB5-4DA1-BAAF-A554F9870301}.Release|Any CPU.ActiveCfg = Release|Any CPU
		{F043C677-FBB5-4DA1-BAAF-A554F9870301}.Release|Any CPU.Build.0 = Release|Any CPU
	EndGlobalSection
	GlobalSection(SolutionProperties) = preSolution
		HideSolutionNode = FALSE
	EndGlobalSection
	GlobalSection(NestedProjects) = preSolution
		{C5675646-A5EF-46A5-974E-9E0A54813858} = {02BC90AD-0C47-4704-8624-E84A585AFF83}
		{F5AC2A4D-4771-446B-9227-AA02B45E82D4} = {C5675646-A5EF-46A5-974E-9E0A54813858}
	EndGlobalSection
	GlobalSection(ExtensibilityGlobals) = postSolution
		SolutionGuid = {99CCCE4D-F068-4174-8349-8E9C4D22F090}
	EndGlobalSection
EndGlobal
